
Microsoft Visual Studio Solution File, Format Version 12.00
# Visual Studio Version 17
VisualStudioVersion = 17.4.33213.308
MinimumVisualStudioVersion = 10.0.40219.1
Project("{FAE04EC0-301F-11D3-BF4B-00C04F79EFBC}") = "DonationAcademy", "DonationAcademy\DonationAcademy.csproj", "{2474160A-2F14-4B21-A39F-AC2615A4FBBE}"
EndProject
Global
	GlobalSection(SolutionConfigurationPlatforms) = preSolution
		Debug|Any CPU = Debug|Any CPU
		Release|Any CPU = Release|Any CPU
	EndGlobalSection
	GlobalSection(ProjectConfigurationPlatforms) = postSolution
		{2474160A-2F14-4B21-A39F-AC2615A4FBBE}.Debug|Any CPU.ActiveCfg = Debug|Any CPU
		{2474160A-2F14-4B21-A39F-AC2615A4FBBE}.Debug|Any CPU.Build.0 = Debug|Any CPU
		{2474160A-2F14-4B21-A39F-AC2615A4FBBE}.Release|Any CPU.ActiveCfg = Release|Any CPU
		{2474160A-2F14-4B21-A39F-AC2615A4FBBE}.Release|Any CPU.Build.0 = Release|Any CPU
	EndGlobalSection
	GlobalSection(SolutionProperties) = preSolution
		HideSolutionNode = FALSE
	EndGlobalSection
	GlobalSection(ExtensibilityGlobals) = postSolution
		SolutionGuid = {46ECD1C8-7049-4677-8964-C218C5E56014}
	EndGlobalSection
EndGlobal
